
Microsoft Visual Studio Solution File, Format Version 12.00
# Visual Studio Version 17
VisualStudioVersion = 17.10.35004.147
MinimumVisualStudioVersion = 10.0.40219.1
Project("{FAE04EC0-301F-11D3-BF4B-00C04F79EFBC}") = "WebMVCMultiple", "WebMVCMultiple\WebMVCMultiple.csproj", "{EDD28B00-3E53-4F29-A0FB-DAC222B2DF15}"
EndProject
Project("{FAE04EC0-301F-11D3-BF4B-00C04F79EFBC}") = "SharedClass", "SharedClass\SharedClass.csproj", "{5017BF5F-BC01-4D5F-BD29-88FFFD9D415E}"
EndProject
Global
	GlobalSection(SolutionConfigurationPlatforms) = preSolution
		Debug|Any CPU = Debug|Any CPU
		Release|Any CPU = Release|Any CPU
	EndGlobalSection
	GlobalSection(ProjectConfigurationPlatforms) = postSolution
		{EDD28B00-3E53-4F29-A0FB-DAC222B2DF15}.Debug|Any CPU.ActiveCfg = Debug|Any CPU
		{EDD28B00-3E53-4F29-A0FB-DAC222B2DF15}.Debug|Any CPU.Build.0 = Debug|Any CPU
		{EDD28B00-3E53-4F29-A0FB-DAC222B2DF15}.Release|Any CPU.ActiveCfg = Release|Any CPU
		{EDD28B00-3E53-4F29-A0FB-DAC222B2DF15}.Release|Any CPU.Build.0 = Release|Any CPU
		{5017BF5F-BC01-4D5F-BD29-88FFFD9D415E}.Debug|Any CPU.ActiveCfg = Debug|Any CPU
		{5017BF5F-BC01-4D5F-BD29-88FFFD9D415E}.Debug|Any CPU.Build.0 = Debug|Any CPU
		{5017BF5F-BC01-4D5F-BD29-88FFFD9D415E}.Release|Any CPU.ActiveCfg = Release|Any CPU
		{5017BF5F-BC01-4D5F-BD29-88FFFD9D415E}.Release|Any CPU.Build.0 = Release|Any CPU
	EndGlobalSection
	GlobalSection(SolutionProperties) = preSolution
		HideSolutionNode = FALSE
	EndGlobalSection
	GlobalSection(ExtensibilityGlobals) = postSolution
		SolutionGuid = {B1C941AC-8312-4AC8-8199-174320B89CBF}
	EndGlobalSection
EndGlobal
